
Microsoft Visual Studio Solution File, Format Version 12.00
# Visual Studio Version 17
VisualStudioVersion = 17.10.35027.167
MinimumVisualStudioVersion = 10.0.40219.1
Project("{9A19103F-16F7-4668-BE54-9A1E7A4F7556}") = "AccesoRestauranteUI", "AccesoRestauranteUI\AccesoRestauranteUI.csproj", "{269D1B7F-CF9F-419A-8A73-6324B17F3DE4}"
EndProject
Project("{FAE04EC0-301F-11D3-BF4B-00C04F79EFBC}") = "RestauranteLibrary", "RestauranteLibrary\RestauranteLibrary.csproj", "{19748A7C-05CA-420A-885A-442C820E73BA}"
EndProject
Project("{FAE04EC0-301F-11D3-BF4B-00C04F79EFBC}") = "DatosPersonalesLibrary", "DatosPersonalesLibrary\DatosPersonalesLibrary.csproj", "{ED2FF911-3C85-4D49-B5EE-D32F7E60BB6B}"
EndProject
Global
	GlobalSection(SolutionConfigurationPlatforms) = preSolution
		Debug|Any CPU = Debug|Any CPU
		Release|Any CPU = Release|Any CPU
	EndGlobalSection
	GlobalSection(ProjectConfigurationPlatforms) = postSolution
		{269D1B7F-CF9F-419A-8A73-6324B17F3DE4}.Debug|Any CPU.ActiveCfg = Debug|Any CPU
		{269D1B7F-CF9F-419A-8A73-6324B17F3DE4}.Debug|Any CPU.Build.0 = Debug|Any CPU
		{269D1B7F-CF9F-419A-8A73-6324B17F3DE4}.Release|Any CPU.ActiveCfg = Release|Any CPU
		{269D1B7F-CF9F-419A-8A73-6324B17F3DE4}.Release|Any CPU.Build.0 = Release|Any CPU
		{19748A7C-05CA-420A-885A-442C820E73BA}.Debug|Any CPU.ActiveCfg = Debug|Any CPU
		{19748A7C-05CA-420A-885A-442C820E73BA}.Debug|Any CPU.Build.0 = Debug|Any CPU
		{19748A7C-05CA-420A-885A-442C820E73BA}.Release|Any CPU.ActiveCfg = Release|Any CPU
		{19748A7C-05CA-420A-885A-442C820E73BA}.Release|Any CPU.Build.0 = Release|Any CPU
		{ED2FF911-3C85-4D49-B5EE-D32F7E60BB6B}.Debug|Any CPU.ActiveCfg = Debug|Any CPU
		{ED2FF911-3C85-4D49-B5EE-D32F7E60BB6B}.Debug|Any CPU.Build.0 = Debug|Any CPU
		{ED2FF911-3C85-4D49-B5EE-D32F7E60BB6B}.Release|Any CPU.ActiveCfg = Release|Any CPU
		{ED2FF911-3C85-4D49-B5EE-D32F7E60BB6B}.Release|Any CPU.Build.0 = Release|Any CPU
	EndGlobalSection
	GlobalSection(SolutionProperties) = preSolution
		HideSolutionNode = FALSE
	EndGlobalSection
	GlobalSection(ExtensibilityGlobals) = postSolution
		SolutionGuid = {91A9578C-D29F-4D66-9D1B-6DDCDAC8ADE9}
	EndGlobalSection
EndGlobal
